
Microsoft Visual Studio Solution File, Format Version 12.00
# Visual Studio Version 17
VisualStudioVersion = 17.4.33213.308
MinimumVisualStudioVersion = 10.0.40219.1
Project("{9A19103F-16F7-4668-BE54-9A1E7A4F7556}") = "WinFormsApp", "WinFormsApp\WinFormsApp.csproj", "{89E47DEC-FED6-4221-8DE7-88EDC5E5D616}"
EndProject
Global
	GlobalSection(SolutionConfigurationPlatforms) = preSolution
		Debug|Any CPU = Debug|Any CPU
		Release|Any CPU = Release|Any CPU
	EndGlobalSection
	GlobalSection(ProjectConfigurationPlatforms) = postSolution
		{89E47DEC-FED6-4221-8DE7-88EDC5E5D616}.Debug|Any CPU.ActiveCfg = Debug|Any CPU
		{89E47DEC-FED6-4221-8DE7-88EDC5E5D616}.Debug|Any CPU.Build.0 = Debug|Any CPU
		{89E47DEC-FED6-4221-8DE7-88EDC5E5D616}.Release|Any CPU.ActiveCfg = Debug|Any CPU
		{89E47DEC-FED6-4221-8DE7-88EDC5E5D616}.Release|Any CPU.Build.0 = Debug|Any CPU
	EndGlobalSection
	GlobalSection(SolutionProperties) = preSolution
		HideSolutionNode = FALSE
	EndGlobalSection
	GlobalSection(ExtensibilityGlobals) = postSolution
		SolutionGuid = {69D0CBD8-BF2B-48F3-9950-1EBE5FAE9FDC}
	EndGlobalSection
EndGlobal
