
Microsoft Visual Studio Solution File, Format Version 12.00
# Visual Studio 15
VisualStudioVersion = 15.0.26430.16
MinimumVisualStudioVersion = 10.0.40219.1
Project("{FAE04EC0-301F-11D3-BF4B-00C04F79EFBC}") = "ExemploServicoRest", "ExemploServicoRest\ExemploServicoRest.csproj", "{2C418E30-98AD-4103-AE76-27EFED54787E}"
EndProject
Project("{FAE04EC0-301F-11D3-BF4B-00C04F79EFBC}") = "ClienteRestWindows", "ClienteRestWindows\ClienteRestWindows.csproj", "{1A474AEC-2189-47DF-A0B9-28443BC085EB}"
EndProject
Global
	GlobalSection(SolutionConfigurationPlatforms) = preSolution
		Debug|Any CPU = Debug|Any CPU
		Release|Any CPU = Release|Any CPU
	EndGlobalSection
	GlobalSection(ProjectConfigurationPlatforms) = postSolution
		{2C418E30-98AD-4103-AE76-27EFED54787E}.Debug|Any CPU.ActiveCfg = Debug|Any CPU
		{2C418E30-98AD-4103-AE76-27EFED54787E}.Debug|Any CPU.Build.0 = Debug|Any CPU
		{2C418E30-98AD-4103-AE76-27EFED54787E}.Release|Any CPU.ActiveCfg = Release|Any CPU
		{2C418E30-98AD-4103-AE76-27EFED54787E}.Release|Any CPU.Build.0 = Release|Any CPU
		{1A474AEC-2189-47DF-A0B9-28443BC085EB}.Debug|Any CPU.ActiveCfg = Debug|Any CPU
		{1A474AEC-2189-47DF-A0B9-28443BC085EB}.Debug|Any CPU.Build.0 = Debug|Any CPU
		{1A474AEC-2189-47DF-A0B9-28443BC085EB}.Release|Any CPU.ActiveCfg = Release|Any CPU
		{1A474AEC-2189-47DF-A0B9-28443BC085EB}.Release|Any CPU.Build.0 = Release|Any CPU
	EndGlobalSection
	GlobalSection(SolutionProperties) = preSolution
		HideSolutionNode = FALSE
	EndGlobalSection
EndGlobal
